<?xml version="1.0" encoding="UTF-8" standalone="yes" ?>
<CodeBlocks_project_file>
	<FileVersion major="1" minor="6" />
	<Project>
		<Option title="NIRS_Light_Solving_Cone" />
		<Option pch_mode="2" />
		<Option compiler="gcc" />
		<Build>
			<Target title="Debug">
				<Option output="bin/Debug/NIRS_Light_Solving_Cone" prefix_auto="1" extension_auto="1" />
				<Option object_output="obj/Debug/" />
				<Option type="1" />
				<Option compiler="gcc" />
				<Compiler>
					<Add option="-g" />
				</Compiler>
			</Target>
			<Target title="Release">
				<Option output="bin/Release/NIRS_Light_Solving_Cone" prefix_auto="1" extension_auto="1" />
				<Option object_output="obj/Release/" />
				<Option type="1" />
				<Option compiler="gcc" />
				<Compiler>
					<Add option="-O2" />
				</Compiler>
				<Linker>
					<Add option="-s" />
				</Linker>
			</Target>
		</Build>
		<Compiler>
			<Add option="-Wall" />
			<Add option="-fexceptions" />
		</Compiler>
		<Unit filename="Sector_class.cpp" />
		<Unit filename="Sector_class.h" />
		<Unit filename="V3d_auxiliary.h" />
		<Unit filename="auxiliary_funcs.cpp" />
		<Unit filename="auxiliary_funcs.h" />
		<Unit filename="constants.h" />
		<Unit filename="error_lib.h" />
		<Unit filename="main.cpp" />
		<Unit filename="math_func.cpp" />
		<Unit filename="math_func.h" />
		<Unit filename="structs.cpp" />
		<Unit filename="structs.h" />
		<Extensions>
			<lib_finder disable_auto="1" />
		</Extensions>
	</Project>
</CodeBlocks_project_file>
